{
  "object": {
    "pins": [
      {
        "package": "Patron",
        "repositoryURL": "https://github.com/michaelnisi/patron",
        "state": {
          "branch": null,
          "revision": "b2e1b6e385c27da926f4d4743e1f084bf9ea70d6",
          "version": "11.0.0"
        }
      }
    ]
  },
  "version": 1
}
