{
  "object": {
    "pins": [
      {
        "package": "Patron",
        "repositoryURL": "/Users/michael/swift/patron",
        "state": {
          "branch": "pkg",
          "revision": "adf9c22a192929dbde634a353884d79003c88005",
          "version": null
        }
      }
    ]
  },
  "version": 1
}
